{
  "name": "life-family-server",
  "version": "1.0.0",
  "lockfileVersion": 2,
  "requires": true,
  "packages": {
    "": {
      "version": "1.0.0",
      "license": "ISC",
      "dependencies": {
        "body-parser": "npm:undefined@*",
        "cors": "npm:undefined@*",
        "express": "npm:undefined@*",
        "mongodb": "npm:undefined@*",
        "nodemon": "npm:undefined@*"
      }
    },
    "node_modules/body-parser": {},
    "node_modules/cors": {},
    "node_modules/express": {},
    "node_modules/mongodb": {},
    "node_modules/nodemon": {}
  },
  "dependencies": {
    "body-parser": {},
    "cors": {},
    "express": {},
    "mongodb": {},
    "nodemon": {}
  }
}
